// !$*UTF8*$!
{
	archiveVersion = 1;
	classes = {
	};
	objectVersion = 56;
	objects = {

/* Begin PBXBuildFile section */
		15359A27290AD29F0082EF1E /* AppDelegate.swift in Sources */ = {isa = PBXBuildFile; fileRef = 15359A26290AD29F0082EF1E /* AppDelegate.swift */; };
		15359A29290AD29F0082EF1E /* SceneDelegate.swift in Sources */ = {isa = PBXBuildFile; fileRef = 15359A28290AD29F0082EF1E /* SceneDelegate.swift */; };
		15359A2B290AD29F0082EF1E /* ViewController.swift in Sources */ = {isa = PBXBuildFile; fileRef = 15359A2A290AD29F0082EF1E /* ViewController.swift */; };
		15359A2E290AD29F0082EF1E /* Main.storyboard in Resources */ = {isa = PBXBuildFile; fileRef = 15359A2C290AD29F0082EF1E /* Main.storyboard */; };
		15359A30290AD2A20082EF1E /* Assets.xcassets in Resources */ = {isa = PBXBuildFile; fileRef = 15359A2F290AD2A20082EF1E /* Assets.xcassets */; };
		15359A33290AD2A20082EF1E /* LaunchScreen.storyboard in Resources */ = {isa = PBXBuildFile; fileRef = 15359A31290AD2A20082EF1E /* LaunchScreen.storyboard */; };
		15359A3E290AD2A20082EF1E /* YDSwiftFoundationTests.swift in Sources */ = {isa = PBXBuildFile; fileRef = 15359A3D290AD2A20082EF1E /* YDSwiftFoundationTests.swift */; };
		15359A48290AD2A20082EF1E /* YDSwiftFoundationUITests.swift in Sources */ = {isa = PBXBuildFile; fileRef = 15359A47290AD2A20082EF1E /* YDSwiftFoundationUITests.swift */; };
		15359A4A290AD2A20082EF1E /* YDSwiftFoundationUITestsLaunchTests.swift in Sources */ = {isa = PBXBuildFile; fileRef = 15359A49290AD2A20082EF1E /* YDSwiftFoundationUITestsLaunchTests.swift */; };
/* End PBXBuildFile section */

/* Begin PBXContainerItemProxy section */
		15359A3A290AD2A20082EF1E /* PBXContainerItemProxy */ = {
			isa = PBXContainerItemProxy;
			containerPortal = 15359A1B290AD29F0082EF1E /* Project object */;
			proxyType = 1;
			remoteGlobalIDString = 15359A22290AD29F0082EF1E;
			remoteInfo = YDSwiftFoundation;
		};
		15359A44290AD2A20082EF1E /* PBXContainerItemProxy */ = {
			isa = PBXContainerItemProxy;
			containerPortal = 15359A1B290AD29F0082EF1E /* Project object */;
			proxyType = 1;
			remoteGlobalIDString = 15359A22290AD29F0082EF1E;
			remoteInfo = YDSwiftFoundation;
		};
/* End PBXContainerItemProxy section */

/* Begin PBXFileReference section */
		15359A23290AD29F0082EF1E /* YDSwiftFoundation.app */ = {isa = PBXFileReference; explicitFileType = wrapper.application; includeInIndex = 0; path = YDSwiftFoundation.app; sourceTree = BUILT_PRODUCTS_DIR; };
		15359A26290AD29F0082EF1E /* AppDelegate.swift */ = {isa = PBXFileReference; lastKnownFileType = sourcecode.swift; path = AppDelegate.swift; sourceTree = "<group>"; };
		15359A28290AD29F0082EF1E /* SceneDelegate.swift */ = {isa = PBXFileReference; lastKnownFileType = sourcecode.swift; path = SceneDelegate.swift; sourceTree = "<group>"; };
		15359A2A290AD29F0082EF1E /* ViewController.swift */ = {isa = PBXFileReference; lastKnownFileType = sourcecode.swift; path = ViewController.swift; sourceTree = "<group>"; };
		15359A2D290AD29F0082EF1E /* Base */ = {isa = PBXFileReference; lastKnownFileType = file.storyboard; name = Base; path = Base.lproj/Main.storyboard; sourceTree = "<group>"; };
		15359A2F290AD2A20082EF1E /* Assets.xcassets */ = {isa = PBXFileReference; lastKnownFileType = folder.assetcatalog; path = Assets.xcassets; sourceTree = "<group>"; };
		15359A32290AD2A20082EF1E /* Base */ = {isa = PBXFileReference; lastKnownFileType = file.storyboard; name = Base; path = Base.lproj/LaunchScreen.storyboard; sourceTree = "<group>"; };
		15359A34290AD2A20082EF1E /* Info.plist */ = {isa = PBXFileReference; lastKnownFileType = text.plist.xml; path = Info.plist; sourceTree = "<group>"; };
		15359A39290AD2A20082EF1E /* YDSwiftFoundationTests.xctest */ = {isa = PBXFileReference; explicitFileType = wrapper.cfbundle; includeInIndex = 0; path = YDSwiftFoundationTests.xctest; sourceTree = BUILT_PRODUCTS_DIR; };
		15359A3D290AD2A20082EF1E /* YDSwiftFoundationTests.swift */ = {isa = PBXFileReference; lastKnownFileType = sourcecode.swift; path = YDSwiftFoundationTests.swift; sourceTree = "<group>"; };
		15359A43290AD2A20082EF1E /* YDSwiftFoundationUITests.xctest */ = {isa = PBXFileReference; explicitFileType = wrapper.cfbundle; includeInIndex = 0; path = YDSwiftFoundationUITests.xctest; sourceTree = BUILT_PRODUCTS_DIR; };
		15359A47290AD2A20082EF1E /* YDSwiftFoundationUITests.swift */ = {isa = PBXFileReference; lastKnownFileType = sourcecode.swift; path = YDSwiftFoundationUITests.swift; sourceTree = "<group>"; };
		15359A49290AD2A20082EF1E /* YDSwiftFoundationUITestsLaunchTests.swift */ = {isa = PBXFileReference; lastKnownFileType = sourcecode.swift; path = YDSwiftFoundationUITestsLaunchTests.swift; sourceTree = "<group>"; };
/* End PBXFileReference section */

/* Begin PBXFrameworksBuildPhase section */
		15359A20290AD29F0082EF1E /* Frameworks */ = {
			isa = PBXFrameworksBuildPhase;
			buildActionMask = 2147483647;
			files = (
			);
			runOnlyForDeploymentPostprocessing = 0;
		};
		15359A36290AD2A20082EF1E /* Frameworks */ = {
			isa = PBXFrameworksBuildPhase;
			buildActionMask = 2147483647;
			files = (
			);
			runOnlyForDeploymentPostprocessing = 0;
		};
		15359A40290AD2A20082EF1E /* Frameworks */ = {
			isa = PBXFrameworksBuildPhase;
			buildActionMask = 2147483647;
			files = (
			);
			runOnlyForDeploymentPostprocessing = 0;
		};
/* End PBXFrameworksBuildPhase section */

/* Begin PBXGroup section */
		15359A1A290AD29F0082EF1E = {
			isa = PBXGroup;
			children = (
				15359A25290AD29F0082EF1E /* YDSwiftFoundation */,
				15359A3C290AD2A20082EF1E /* YDSwiftFoundationTests */,
				15359A46290AD2A20082EF1E /* YDSwiftFoundationUITests */,
				15359A24290AD29F0082EF1E /* Products */,
			);
			sourceTree = "<group>";
		};
		15359A24290AD29F0082EF1E /* Products */ = {
			isa = PBXGroup;
			children = (
				15359A23290AD29F0082EF1E /* YDSwiftFoundation.app */,
				15359A39290AD2A20082EF1E /* YDSwiftFoundationTests.xctest */,
				15359A43290AD2A20082EF1E /* YDSwiftFoundationUITests.xctest */,
			);
			name = Products;
			sourceTree = "<group>";
		};
		15359A25290AD29F0082EF1E /* YDSwiftFoundation */ = {
			isa = PBXGroup;
			children = (
				15359A26290AD29F0082EF1E /* AppDelegate.swift */,
				15359A28290AD29F0082EF1E /* SceneDelegate.swift */,
				15359A2A290AD29F0082EF1E /* ViewController.swift */,
				15359A2C290AD29F0082EF1E /* Main.storyboard */,
				15359A2F290AD2A20082EF1E /* Assets.xcassets */,
				15359A31290AD2A20082EF1E /* LaunchScreen.storyboard */,
				15359A34290AD2A20082EF1E /* Info.plist */,
			);
			path = YDSwiftFoundation;
			sourceTree = "<group>";
		};
		15359A3C290AD2A20082EF1E /* YDSwiftFoundationTests */ = {
			isa = PBXGroup;
			children = (
				15359A3D290AD2A20082EF1E /* YDSwiftFoundationTests.swift */,
			);
			path = YDSwiftFoundationTests;
			sourceTree = "<group>";
		};
		15359A46290AD2A20082EF1E /* YDSwiftFoundationUITests */ = {
			isa = PBXGroup;
			children = (
				15359A47290AD2A20082EF1E /* YDSwiftFoundationUITests.swift */,
				15359A49290AD2A20082EF1E /* YDSwiftFoundationUITestsLaunchTests.swift */,
			);
			path = YDSwiftFoundationUITests;
			sourceTree = "<group>";
		};
/* End PBXGroup section */

/* Begin PBXNativeTarget section */
		15359A22290AD29F0082EF1E /* YDSwiftFoundation */ = {
			isa = PBXNativeTarget;
			buildConfigurationList = 15359A4D290AD2A20082EF1E /* Build configuration list for PBXNativeTarget "YDSwiftFoundation" */;
			buildPhases = (
				15359A1F290AD29F0082EF1E /* Sources */,
				15359A20290AD29F0082EF1E /* Frameworks */,
				15359A21290AD29F0082EF1E /* Resources */,
			);
			buildRules = (
			);
			dependencies = (
			);
			name = YDSwiftFoundation;
			productName = YDSwiftFoundation;
			productReference = 15359A23290AD29F0082EF1E /* YDSwiftFoundation.app */;
			productType = "com.apple.product-type.application";
		};
		15359A38290AD2A20082EF1E /* YDSwiftFoundationTests */ = {
			isa = PBXNativeTarget;
			buildConfigurationList = 15359A50290AD2A20082EF1E /* Build configuration list for PBXNativeTarget "YDSwiftFoundationTests" */;
			buildPhases = (
				15359A35290AD2A20082EF1E /* Sources */,
				15359A36290AD2A20082EF1E /* Frameworks */,
				15359A37290AD2A20082EF1E /* Resources */,
			);
			buildRules = (
			);
			dependencies = (
				15359A3B290AD2A20082EF1E /* PBXTargetDependency */,
			);
			name = YDSwiftFoundationTests;
			productName = YDSwiftFoundationTests;
			productReference = 15359A39290AD2A20082EF1E /* YDSwiftFoundationTests.xctest */;
			productType = "com.apple.product-type.bundle.unit-test";
		};
		15359A42290AD2A20082EF1E /* YDSwiftFoundationUITests */ = {
			isa = PBXNativeTarget;
			buildConfigurationList = 15359A53290AD2A20082EF1E /* Build configuration list for PBXNativeTarget "YDSwiftFoundationUITests" */;
			buildPhases = (
				15359A3F290AD2A20082EF1E /* Sources */,
				15359A40290AD2A20082EF1E /* Frameworks */,
				15359A41290AD2A20082EF1E /* Resources */,
			);
			buildRules = (
			);
			dependencies = (
				15359A45290AD2A20082EF1E /* PBXTargetDependency */,
			);
			name = YDSwiftFoundationUITests;
			productName = YDSwiftFoundationUITests;
			productReference = 15359A43290AD2A20082EF1E /* YDSwiftFoundationUITests.xctest */;
			productType = "com.apple.product-type.bundle.ui-testing";
		};
/* End PBXNativeTarget section */

/* Begin PBXProject section */
		15359A1B290AD29F0082EF1E /* Project object */ = {
			isa = PBXProject;
			attributes = {
				BuildIndependentTargetsInParallel = 1;
				LastSwiftUpdateCheck = 1400;
				LastUpgradeCheck = 1400;
				TargetAttributes = {
					15359A22290AD29F0082EF1E = {
						CreatedOnToolsVersion = 14.0.1;
					};
					15359A38290AD2A20082EF1E = {
						CreatedOnToolsVersion = 14.0.1;
						TestTargetID = 15359A22290AD29F0082EF1E;
					};
					15359A42290AD2A20082EF1E = {
						CreatedOnToolsVersion = 14.0.1;
						TestTargetID = 15359A22290AD29F0082EF1E;
					};
				};
			};
			buildConfigurationList = 15359A1E290AD29F0082EF1E /* Build configuration list for PBXProject "YDSwiftFoundation" */;
			compatibilityVersion = "Xcode 14.0";
			developmentRegion = en;
			hasScannedForEncodings = 0;
			knownRegions = (
				en,
				Base,
			);
			mainGroup = 15359A1A290AD29F0082EF1E;
			productRefGroup = 15359A24290AD29F0082EF1E /* Products */;
			projectDirPath = "";
			projectRoot = "";
			targets = (
				15359A22290AD29F0082EF1E /* YDSwiftFoundation */,
				15359A38290AD2A20082EF1E /* YDSwiftFoundationTests */,
				15359A42290AD2A20082EF1E /* YDSwiftFoundationUITests */,
			);
		};
/* End PBXProject section */

/* Begin PBXResourcesBuildPhase section */
		15359A21290AD29F0082EF1E /* Resources */ = {
			isa = PBXResourcesBuildPhase;
			buildActionMask = 2147483647;
			files = (
				15359A33290AD2A20082EF1E /* LaunchScreen.storyboard in Resources */,
				15359A30290AD2A20082EF1E /* Assets.xcassets in Resources */,
				15359A2E290AD29F0082EF1E /* Main.storyboard in Resources */,
			);
			runOnlyForDeploymentPostprocessing = 0;
		};
		15359A37290AD2A20082EF1E /* Resources */ = {
			isa = PBXResourcesBuildPhase;
			buildActionMask = 2147483647;
			files = (
			);
			runOnlyForDeploymentPostprocessing = 0;
		};
		15359A41290AD2A20082EF1E /* Resources */ = {
			isa = PBXResourcesBuildPhase;
			buildActionMask = 2147483647;
			files = (
			);
			runOnlyForDeploymentPostprocessing = 0;
		};
/* End PBXResourcesBuildPhase section */

/* Begin PBXSourcesBuildPhase section */
		15359A1F290AD29F0082EF1E /* Sources */ = {
			isa = PBXSourcesBuildPhase;
			buildActionMask = 2147483647;
			files = (
				15359A2B290AD29F0082EF1E /* ViewController.swift in Sources */,
				15359A27290AD29F0082EF1E /* AppDelegate.swift in Sources */,
				15359A29290AD29F0082EF1E /* SceneDelegate.swift in Sources */,
			);
			runOnlyForDeploymentPostprocessing = 0;
		};
		15359A35290AD2A20082EF1E /* Sources */ = {
			isa = PBXSourcesBuildPhase;
			buildActionMask = 2147483647;
			files = (
				15359A3E290AD2A20082EF1E /* YDSwiftFoundationTests.swift in Sources */,
			);
			runOnlyForDeploymentPostprocessing = 0;
		};
		15359A3F290AD2A20082EF1E /* Sources */ = {
			isa = PBXSourcesBuildPhase;
			buildActionMask = 2147483647;
			files = (
				15359A4A290AD2A20082EF1E /* YDSwiftFoundationUITestsLaunchTests.swift in Sources */,
				15359A48290AD2A20082EF1E /* YDSwiftFoundationUITests.swift in Sources */,
			);
			runOnlyForDeploymentPostprocessing = 0;
		};
/* End PBXSourcesBuildPhase section */

/* Begin PBXTargetDependency section */
		15359A3B290AD2A20082EF1E /* PBXTargetDependency */ = {
			isa = PBXTargetDependency;
			target = 15359A22290AD29F0082EF1E /* YDSwiftFoundation */;
			targetProxy = 15359A3A290AD2A20082EF1E /* PBXContainerItemProxy */;
		};
		15359A45290AD2A20082EF1E /* PBXTargetDependency */ = {
			isa = PBXTargetDependency;
			target = 15359A22290AD29F0082EF1E /* YDSwiftFoundation */;
			targetProxy = 15359A44290AD2A20082EF1E /* PBXContainerItemProxy */;
		};
/* End PBXTargetDependency section */

/* Begin PBXVariantGroup section */
		15359A2C290AD29F0082EF1E /* Main.storyboard */ = {
			isa = PBXVariantGroup;
			children = (
				15359A2D290AD29F0082EF1E /* Base */,
			);
			name = Main.storyboard;
			sourceTree = "<group>";
		};
		15359A31290AD2A20082EF1E /* LaunchScreen.storyboard */ = {
			isa = PBXVariantGroup;
			children = (
				15359A32290AD2A20082EF1E /* Base */,
			);
			name = LaunchScreen.storyboard;
			sourceTree = "<group>";
		};
/* End PBXVariantGroup section */

/* Begin XCBuildConfiguration section */
		15359A4B290AD2A20082EF1E /* Debug */ = {
			isa = XCBuildConfiguration;
			buildSettings = {
				ALWAYS_SEARCH_USER_PATHS = NO;
				CLANG_ANALYZER_NONNULL = YES;
				CLANG_ANALYZER_NUMBER_OBJECT_CONVERSION = YES_AGGRESSIVE;
				CLANG_CXX_LANGUAGE_STANDARD = "gnu++20";
				CLANG_ENABLE_MODULES = YES;
				CLANG_ENABLE_OBJC_ARC = YES;
				CLANG_ENABLE_OBJC_WEAK = YES;
				CLANG_WARN_BLOCK_CAPTURE_AUTORELEASING = YES;
				CLANG_WARN_BOOL_CONVERSION = YES;
				CLANG_WARN_COMMA = YES;
				CLANG_WARN_CONSTANT_CONVERSION = YES;
				CLANG_WARN_DEPRECATED_OBJC_IMPLEMENTATIONS = YES;
				CLANG_WARN_DIRECT_OBJC_ISA_USAGE = YES_ERROR;
				CLANG_WARN_DOCUMENTATION_COMMENTS = YES;
				CLANG_WARN_EMPTY_BODY = YES;
				CLANG_WARN_ENUM_CONVERSION = YES;
				CLANG_WARN_INFINITE_RECURSION = YES;
				CLANG_WARN_INT_CONVERSION = YES;
				CLANG_WARN_NON_LITERAL_NULL_CONVERSION = YES;
				CLANG_WARN_OBJC_IMPLICIT_RETAIN_SELF = YES;
				CLANG_WARN_OBJC_LITERAL_CONVERSION = YES;
				CLANG_WARN_OBJC_ROOT_CLASS = YES_ERROR;
				CLANG_WARN_QUOTED_INCLUDE_IN_FRAMEWORK_HEADER = YES;
				CLANG_WARN_RANGE_LOOP_ANALYSIS = YES;
				CLANG_WARN_STRICT_PROTOTYPES = YES;
				CLANG_WARN_SUSPICIOUS_MOVE = YES;
				CLANG_WARN_UNGUARDED_AVAILABILITY = YES_AGGRESSIVE;
				CLANG_WARN_UNREACHABLE_CODE = YES;
				CLANG_WARN__DUPLICATE_METHOD_MATCH = YES;
				COPY_PHASE_STRIP = NO;
				DEBUG_INFORMATION_FORMAT = dwarf;
				ENABLE_STRICT_OBJC_MSGSEND = YES;
				ENABLE_TESTABILITY = YES;
				GCC_C_LANGUAGE_STANDARD = gnu11;
				GCC_DYNAMIC_NO_PIC = NO;
				GCC_NO_COMMON_BLOCKS = YES;
				GCC_OPTIMIZATION_LEVEL = 0;
				GCC_PREPROCESSOR_DEFINITIONS = (
					"DEBUG=1",
					"$(inherited)",
				);
				GCC_WARN_64_TO_32_BIT_CONVERSION = YES;
				GCC_WARN_ABOUT_RETURN_TYPE = YES_ERROR;
				GCC_WARN_UNDECLARED_SELECTOR = YES;
				GCC_WARN_UNINITIALIZED_AUTOS = YES_AGGRESSIVE;
				GCC_WARN_UNUSED_FUNCTION = YES;
				GCC_WARN_UNUSED_VARIABLE = YES;
				IPHONEOS_DEPLOYMENT_TARGET = 16.0;
				MTL_ENABLE_DEBUG_INFO = INCLUDE_SOURCE;
				MTL_FAST_MATH = YES;
				ONLY_ACTIVE_ARCH = YES;
				SDKROOT = iphoneos;
				SWIFT_ACTIVE_COMPILATION_CONDITIONS = DEBUG;
				SWIFT_OPTIMIZATION_LEVEL = "-Onone";
			};
			name = Debug;
		};
		15359A4C290AD2A20082EF1E /* Release */ = {
			isa = XCBuildConfiguration;
			buildSettings = {
				ALWAYS_SEARCH_USER_PATHS = NO;
				CLANG_ANALYZER_NONNULL = YES;
				CLANG_ANALYZER_NUMBER_OBJECT_CONVERSION = YES_AGGRESSIVE;
				CLANG_CXX_LANGUAGE_STANDARD = "gnu++20";
				CLANG_ENABLE_MODULES = YES;
				CLANG_ENABLE_OBJC_ARC = YES;
				CLANG_ENABLE_OBJC_WEAK = YES;
				CLANG_WARN_BLOCK_CAPTURE_AUTORELEASING = YES;
				CLANG_WARN_BOOL_CONVERSION = YES;
				CLANG_WARN_COMMA = YES;
				CLANG_WARN_CONSTANT_CONVERSION = YES;
				CLANG_WARN_DEPRECATED_OBJC_IMPLEMENTATIONS = YES;
				CLANG_WARN_DIRECT_OBJC_ISA_USAGE = YES_ERROR;
				CLANG_WARN_DOCUMENTATION_COMMENTS = YES;
				CLANG_WARN_EMPTY_BODY = YES;
				CLANG_WARN_ENUM_CONVERSION = YES;
				CLANG_WARN_INFINITE_RECURSION = YES;
				CLANG_WARN_INT_CONVERSION = YES;
				CLANG_WARN_NON_LITERAL_NULL_CONVERSION = YES;
				CLANG_WARN_OBJC_IMPLICIT_RETAIN_SELF = YES;
				CLANG_WARN_OBJC_LITERAL_CONVERSION = YES;
				CLANG_WARN_OBJC_ROOT_CLASS = YES_ERROR;
				CLANG_WARN_QUOTED_INCLUDE_IN_FRAMEWORK_HEADER = YES;
				CLANG_WARN_RANGE_LOOP_ANALYSIS = YES;
				CLANG_WARN_STRICT_PROTOTYPES = YES;
				CLANG_WARN_SUSPICIOUS_MOVE = YES;
				CLANG_WARN_UNGUARDED_AVAILABILITY = YES_AGGRESSIVE;
				CLANG_WARN_UNREACHABLE_CODE = YES;
				CLANG_WARN__DUPLICATE_METHOD_MATCH = YES;
				COPY_PHASE_STRIP = NO;
				DEBUG_INFORMATION_FORMAT = "dwarf-with-dsym";
				ENABLE_NS_ASSERTIONS = NO;
				ENABLE_STRICT_OBJC_MSGSEND = YES;
				GCC_C_LANGUAGE_STANDARD = gnu11;
				GCC_NO_COMMON_BLOCKS = YES;
				GCC_WARN_64_TO_32_BIT_CONVERSION = YES;
				GCC_WARN_ABOUT_RETURN_TYPE = YES_ERROR;
				GCC_WARN_UNDECLARED_SELECTOR = YES;
				GCC_WARN_UNINITIALIZED_AUTOS = YES_AGGRESSIVE;
				GCC_WARN_UNUSED_FUNCTION = YES;
				GCC_WARN_UNUSED_VARIABLE = YES;
				IPHONEOS_DEPLOYMENT_TARGET = 16.0;
				MTL_ENABLE_DEBUG_INFO = NO;
				MTL_FAST_MATH = YES;
				SDKROOT = iphoneos;
				SWIFT_COMPILATION_MODE = wholemodule;
				SWIFT_OPTIMIZATION_LEVEL = "-O";
				VALIDATE_PRODUCT = YES;
			};
			name = Release;
		};
		15359A4E290AD2A20082EF1E /* Debug */ = {
			isa = XCBuildConfiguration;
			buildSettings = {
				ASSETCATALOG_COMPILER_APPICON_NAME = AppIcon;
				ASSETCATALOG_COMPILER_GLOBAL_ACCENT_COLOR_NAME = AccentColor;
				CODE_SIGN_STYLE = Automatic;
				CURRENT_PROJECT_VERSION = 1;
				DEVELOPMENT_TEAM = C3V5PUXTCL;
				GENERATE_INFOPLIST_FILE = YES;
				INFOPLIST_FILE = YDSwiftFoundation/Info.plist;
				INFOPLIST_KEY_UIApplicationSupportsIndirectInputEvents = YES;
				INFOPLIST_KEY_UILaunchStoryboardName = LaunchScreen;
				INFOPLIST_KEY_UIMainStoryboardFile = Main;
				INFOPLIST_KEY_UISupportedInterfaceOrientations_iPad = "UIInterfaceOrientationPortrait UIInterfaceOrientationPortraitUpsideDown UIInterfaceOrientationLandscapeLeft UIInterfaceOrientationLandscapeRight";
				INFOPLIST_KEY_UISupportedInterfaceOrientations_iPhone = "UIInterfaceOrientationPortrait UIInterfaceOrientationLandscapeLeft UIInterfaceOrientationLandscapeRight";
				LD_RUNPATH_SEARCH_PATHS = (
					"$(inherited)",
					"@executable_path/Frameworks",
				);
				MARKETING_VERSION = 1.0;
				PRODUCT_BUNDLE_IDENTIFIER = com.wyd.YDSwiftFoundation;
				PRODUCT_NAME = "$(TARGET_NAME)";
				SWIFT_EMIT_LOC_STRINGS = YES;
				SWIFT_VERSION = 5.0;
				TARGETED_DEVICE_FAMILY = "1,2";
			};
			name = Debug;
		};
		15359A4F290AD2A20082EF1E /* Release */ = {
			isa = XCBuildConfiguration;
			buildSettings = {
				ASSETCATALOG_COMPILER_APPICON_NAME = AppIcon;
				ASSETCATALOG_COMPILER_GLOBAL_ACCENT_COLOR_NAME = AccentColor;
				CODE_SIGN_STYLE = Automatic;
				CURRENT_PROJECT_VERSION = 1;
				DEVELOPMENT_TEAM = C3V5PUXTCL;
				GENERATE_INFOPLIST_FILE = YES;
				INFOPLIST_FILE = YDSwiftFoundation/Info.plist;
				INFOPLIST_KEY_UIApplicationSupportsIndirectInputEvents = YES;
				INFOPLIST_KEY_UILaunchStoryboardName = LaunchScreen;
				INFOPLIST_KEY_UIMainStoryboardFile = Main;
				INFOPLIST_KEY_UISupportedInterfaceOrientations_iPad = "UIInterfaceOrientationPortrait UIInterfaceOrientationPortraitUpsideDown UIInterfaceOrientationLandscapeLeft UIInterfaceOrientationLandscapeRight";
				INFOPLIST_KEY_UISupportedInterfaceOrientations_iPhone = "UIInterfaceOrientationPortrait UIInterfaceOrientationLandscapeLeft UIInterfaceOrientationLandscapeRight";
				LD_RUNPATH_SEARCH_PATHS = (
					"$(inherited)",
					"@executable_path/Frameworks",
				);
				MARKETING_VERSION = 1.0;
				PRODUCT_BUNDLE_IDENTIFIER = com.wyd.YDSwiftFoundation;
				PRODUCT_NAME = "$(TARGET_NAME)";
				SWIFT_EMIT_LOC_STRINGS = YES;
				SWIFT_VERSION = 5.0;
				TARGETED_DEVICE_FAMILY = "1,2";
			};
			name = Release;
		};
		15359A51290AD2A20082EF1E /* Debug */ = {
			isa = XCBuildConfiguration;
			buildSettings = {
				ALWAYS_EMBED_SWIFT_STANDARD_LIBRARIES = YES;
				BUNDLE_LOADER = "$(TEST_HOST)";
				CODE_SIGN_STYLE = Automatic;
				CURRENT_PROJECT_VERSION = 1;
				DEVELOPMENT_TEAM = C3V5PUXTCL;
				GENERATE_INFOPLIST_FILE = YES;
				IPHONEOS_DEPLOYMENT_TARGET = 16.0;
				MARKETING_VERSION = 1.0;
				PRODUCT_BUNDLE_IDENTIFIER = com.wyd.YDSwiftFoundationTests;
				PRODUCT_NAME = "$(TARGET_NAME)";
				SWIFT_EMIT_LOC_STRINGS = NO;
				SWIFT_VERSION = 5.0;
				TARGETED_DEVICE_FAMILY = "1,2";
				TEST_HOST = "$(BUILT_PRODUCTS_DIR)/YDSwiftFoundation.app/$(BUNDLE_EXECUTABLE_FOLDER_PATH)/YDSwiftFoundation";
			};
			name = Debug;
		};
		15359A52290AD2A20082EF1E /* Release */ = {
			isa = XCBuildConfiguration;
			buildSettings = {
				ALWAYS_EMBED_SWIFT_STANDARD_LIBRARIES = YES;
				BUNDLE_LOADER = "$(TEST_HOST)";
				CODE_SIGN_STYLE = Automatic;
				CURRENT_PROJECT_VERSION = 1;
				DEVELOPMENT_TEAM = C3V5PUXTCL;
				GENERATE_INFOPLIST_FILE = YES;
				IPHONEOS_DEPLOYMENT_TARGET = 16.0;
				MARKETING_VERSION = 1.0;
				PRODUCT_BUNDLE_IDENTIFIER = com.wyd.YDSwiftFoundationTests;
				PRODUCT_NAME = "$(TARGET_NAME)";
				SWIFT_EMIT_LOC_STRINGS = NO;
				SWIFT_VERSION = 5.0;
				TARGETED_DEVICE_FAMILY = "1,2";
				TEST_HOST = "$(BUILT_PRODUCTS_DIR)/YDSwiftFoundation.app/$(BUNDLE_EXECUTABLE_FOLDER_PATH)/YDSwiftFoundation";
			};
			name = Release;
		};
		15359A54290AD2A20082EF1E /* Debug */ = {
			isa = XCBuildConfiguration;
			buildSettings = {
				ALWAYS_EMBED_SWIFT_STANDARD_LIBRARIES = YES;
				CODE_SIGN_STYLE = Automatic;
				CURRENT_PROJECT_VERSION = 1;
				DEVELOPMENT_TEAM = C3V5PUXTCL;
				GENERATE_INFOPLIST_FILE = YES;
				MARKETING_VERSION = 1.0;
				PRODUCT_BUNDLE_IDENTIFIER = com.wyd.YDSwiftFoundationUITests;
				PRODUCT_NAME = "$(TARGET_NAME)";
				SWIFT_EMIT_LOC_STRINGS = NO;
				SWIFT_VERSION = 5.0;
				TARGETED_DEVICE_FAMILY = "1,2";
				TEST_TARGET_NAME = YDSwiftFoundation;
			};
			name = Debug;
		};
		15359A55290AD2A20082EF1E /* Release */ = {
			isa = XCBuildConfiguration;
			buildSettings = {
				ALWAYS_EMBED_SWIFT_STANDARD_LIBRARIES = YES;
				CODE_SIGN_STYLE = Automatic;
				CURRENT_PROJECT_VERSION = 1;
				DEVELOPMENT_TEAM = C3V5PUXTCL;
				GENERATE_INFOPLIST_FILE = YES;
				MARKETING_VERSION = 1.0;
				PRODUCT_BUNDLE_IDENTIFIER = com.wyd.YDSwiftFoundationUITests;
				PRODUCT_NAME = "$(TARGET_NAME)";
				SWIFT_EMIT_LOC_STRINGS = NO;
				SWIFT_VERSION = 5.0;
				TARGETED_DEVICE_FAMILY = "1,2";
				TEST_TARGET_NAME = YDSwiftFoundation;
			};
			name = Release;
		};
/* End XCBuildConfiguration section */

/* Begin XCConfigurationList section */
		15359A1E290AD29F0082EF1E /* Build configuration list for PBXProject "YDSwiftFoundation" */ = {
			isa = XCConfigurationList;
			buildConfigurations = (
				15359A4B290AD2A20082EF1E /* Debug */,
				15359A4C290AD2A20082EF1E /* Release */,
			);
			defaultConfigurationIsVisible = 0;
			defaultConfigurationName = Release;
		};
		15359A4D290AD2A20082EF1E /* Build configuration list for PBXNativeTarget "YDSwiftFoundation" */ = {
			isa = XCConfigurationList;
			buildConfigurations = (
				15359A4E290AD2A20082EF1E /* Debug */,
				15359A4F290AD2A20082EF1E /* Release */,
			);
			defaultConfigurationIsVisible = 0;
			defaultConfigurationName = Release;
		};
		15359A50290AD2A20082EF1E /* Build configuration list for PBXNativeTarget "YDSwiftFoundationTests" */ = {
			isa = XCConfigurationList;
			buildConfigurations = (
				15359A51290AD2A20082EF1E /* Debug */,
				15359A52290AD2A20082EF1E /* Release */,
			);
			defaultConfigurationIsVisible = 0;
			defaultConfigurationName = Release;
		};
		15359A53290AD2A20082EF1E /* Build configuration list for PBXNativeTarget "YDSwiftFoundationUITests" */ = {
			isa = XCConfigurationList;
			buildConfigurations = (
				15359A54290AD2A20082EF1E /* Debug */,
				15359A55290AD2A20082EF1E /* Release */,
			);
			defaultConfigurationIsVisible = 0;
			defaultConfigurationName = Release;
		};
/* End XCConfigurationList section */
	};
	rootObject = 15359A1B290AD29F0082EF1E /* Project object */;
}
